langcode: en
status: true
dependencies:
  module:
    - islandora_rdm_altmetric
    - node
  theme:
    - carapace
id: rdmaltmetricblock
theme: carapace
region: sidebar_second
weight: -6
provider: null
plugin: rdm_altmetric_block
settings:
  id: rdm_altmetric_block
  label: 'RDM AltMetric Block'
  provider: islandora_rdm_altmetric
  label_display: '0'
  context_mapping:
    node: '@node.node_route_context:node'
visibility:
  node_type:
    id: node_type
    bundles:
      islandora_rdm_dataset: islandora_rdm_dataset
    negate: false
    context_mapping:
      node: '@node.node_route_context:node'
